
Microsoft Visual Studio Solution File, Format Version 12.00
# Visual Studio Version 17
VisualStudioVersion = 17.6.33513.286
MinimumVisualStudioVersion = 10.0.40219.1
Project("{FAE04EC0-301F-11D3-BF4B-00C04F79EFBC}") = "BlackJack (V0.3.1)", "BlackJack (V0.3.1)\BlackJack (V0.3.1).csproj", "{118155A8-65D5-46E2-B9F0-A13C0E941CEE}"
EndProject
Global
	GlobalSection(SolutionConfigurationPlatforms) = preSolution
		Debug|Any CPU = Debug|Any CPU
		Release|Any CPU = Release|Any CPU
	EndGlobalSection
	GlobalSection(ProjectConfigurationPlatforms) = postSolution
		{118155A8-65D5-46E2-B9F0-A13C0E941CEE}.Debug|Any CPU.ActiveCfg = Debug|Any CPU
		{118155A8-65D5-46E2-B9F0-A13C0E941CEE}.Debug|Any CPU.Build.0 = Debug|Any CPU
		{118155A8-65D5-46E2-B9F0-A13C0E941CEE}.Release|Any CPU.ActiveCfg = Release|Any CPU
		{118155A8-65D5-46E2-B9F0-A13C0E941CEE}.Release|Any CPU.Build.0 = Release|Any CPU
	EndGlobalSection
	GlobalSection(SolutionProperties) = preSolution
		HideSolutionNode = FALSE
	EndGlobalSection
	GlobalSection(ExtensibilityGlobals) = postSolution
		SolutionGuid = {52F336B3-2A22-485C-B0CC-C4945E7C0AF5}
	EndGlobalSection
EndGlobal
